packages:
  - name: dbt_utils
    package: dbt-labs/dbt_utils
    version: 1.3.0
  - name: dbt_date
    package: godatadriven/dbt_date
    version: 0.15.0
  - git: https://github.com/dbt-labs/dbt-audit-helper.git
    name: audit_helper
    revision: 014af559efd9dd1fa6551cb348fcc6d4def9a1e7
sha1_hash: 923f47c4c4c47a4098f5bc1757403c21f562dcad
